
Microsoft Visual Studio Solution File, Format Version 12.00
# Visual Studio Version 17
VisualStudioVersion = 17.6.33829.357
MinimumVisualStudioVersion = 10.0.40219.1
Project("{FAE04EC0-301F-11D3-BF4B-00C04F79EFBC}") = "Week4Studio", "Week4Studio\Week4Studio.csproj", "{AB3D065B-3B68-4127-9479-5464A050C0E7}"
EndProject
Global
	GlobalSection(SolutionConfigurationPlatforms) = preSolution
		Debug|Any CPU = Debug|Any CPU
		Release|Any CPU = Release|Any CPU
	EndGlobalSection
	GlobalSection(ProjectConfigurationPlatforms) = postSolution
		{AB3D065B-3B68-4127-9479-5464A050C0E7}.Debug|Any CPU.ActiveCfg = Debug|Any CPU
		{AB3D065B-3B68-4127-9479-5464A050C0E7}.Debug|Any CPU.Build.0 = Debug|Any CPU
		{AB3D065B-3B68-4127-9479-5464A050C0E7}.Release|Any CPU.ActiveCfg = Release|Any CPU
		{AB3D065B-3B68-4127-9479-5464A050C0E7}.Release|Any CPU.Build.0 = Release|Any CPU
	EndGlobalSection
	GlobalSection(SolutionProperties) = preSolution
		HideSolutionNode = FALSE
	EndGlobalSection
	GlobalSection(ExtensibilityGlobals) = postSolution
		SolutionGuid = {BB1806B4-B4F0-41F1-A829-77569FB0C6D1}
	EndGlobalSection
EndGlobal
