
Microsoft Visual Studio Solution File, Format Version 12.00
# Visual Studio Version 17
VisualStudioVersion = 17.6.33829.357
MinimumVisualStudioVersion = 10.0.40219.1
Project("{FAE04EC0-301F-11D3-BF4B-00C04F79EFBC}") = "Week4_codefirst", "Week4_codefirst\Week4_codefirst.csproj", "{100D02F8-D802-4124-9402-08A2DE41A5A3}"
EndProject
Global
	GlobalSection(SolutionConfigurationPlatforms) = preSolution
		Debug|Any CPU = Debug|Any CPU
		Release|Any CPU = Release|Any CPU
	EndGlobalSection
	GlobalSection(ProjectConfigurationPlatforms) = postSolution
		{100D02F8-D802-4124-9402-08A2DE41A5A3}.Debug|Any CPU.ActiveCfg = Debug|Any CPU
		{100D02F8-D802-4124-9402-08A2DE41A5A3}.Debug|Any CPU.Build.0 = Debug|Any CPU
		{100D02F8-D802-4124-9402-08A2DE41A5A3}.Release|Any CPU.ActiveCfg = Release|Any CPU
		{100D02F8-D802-4124-9402-08A2DE41A5A3}.Release|Any CPU.Build.0 = Release|Any CPU
	EndGlobalSection
	GlobalSection(SolutionProperties) = preSolution
		HideSolutionNode = FALSE
	EndGlobalSection
	GlobalSection(ExtensibilityGlobals) = postSolution
		SolutionGuid = {8BA0B1A9-07F6-4105-BAC0-EBFDC0832917}
	EndGlobalSection
EndGlobal
