
Microsoft Visual Studio Solution File, Format Version 12.00
# Visual Studio Version 17
VisualStudioVersion = 17.6.33829.357
MinimumVisualStudioVersion = 10.0.40219.1
Project("{FAE04EC0-301F-11D3-BF4B-00C04F79EFBC}") = "Week5", "Week5\Week5.csproj", "{EAB932DD-1EEF-4CE0-97F3-5C2572D4B783}"
EndProject
Project("{FAE04EC0-301F-11D3-BF4B-00C04F79EFBC}") = "Week5.Tests", "Week5.Tests\Week5.Tests.csproj", "{0EE5C205-B843-49B6-B818-8CF4C8DE0611}"
EndProject
Global
	GlobalSection(SolutionConfigurationPlatforms) = preSolution
		Debug|Any CPU = Debug|Any CPU
		Release|Any CPU = Release|Any CPU
	EndGlobalSection
	GlobalSection(ProjectConfigurationPlatforms) = postSolution
		{EAB932DD-1EEF-4CE0-97F3-5C2572D4B783}.Debug|Any CPU.ActiveCfg = Debug|Any CPU
		{EAB932DD-1EEF-4CE0-97F3-5C2572D4B783}.Debug|Any CPU.Build.0 = Debug|Any CPU
		{EAB932DD-1EEF-4CE0-97F3-5C2572D4B783}.Release|Any CPU.ActiveCfg = Release|Any CPU
		{EAB932DD-1EEF-4CE0-97F3-5C2572D4B783}.Release|Any CPU.Build.0 = Release|Any CPU
		{0EE5C205-B843-49B6-B818-8CF4C8DE0611}.Debug|Any CPU.ActiveCfg = Debug|Any CPU
		{0EE5C205-B843-49B6-B818-8CF4C8DE0611}.Debug|Any CPU.Build.0 = Debug|Any CPU
		{0EE5C205-B843-49B6-B818-8CF4C8DE0611}.Release|Any CPU.ActiveCfg = Release|Any CPU
		{0EE5C205-B843-49B6-B818-8CF4C8DE0611}.Release|Any CPU.Build.0 = Release|Any CPU
	EndGlobalSection
	GlobalSection(SolutionProperties) = preSolution
		HideSolutionNode = FALSE
	EndGlobalSection
	GlobalSection(ExtensibilityGlobals) = postSolution
		SolutionGuid = {A9D24043-EB7B-4964-BAED-60E637969C20}
	EndGlobalSection
EndGlobal
